Microsoft Visual Studio Solution File, Format Version 12.00
# Visual Studio Version 17
VisualStudioVersion = 17.13.35605.110
MinimumVisualStudioVersion = 10.0.40219.1
Project("{FAE04EC0-301F-11D3-BF4B-00C04F79EFBC}") = "Lab01", "Lab01\Lab01.csproj", "{2FE71743-9B20-49DC-A281-63914DFEFB2A}"
EndProject
Global
	GlobalSection(SolutionConfigurationPlatforms) = preSolution
		Debug|Any CPU = Debug|Any CPU
		Release|Any CPU = Release|Any CPU
	EndGlobalSection
	GlobalSection(ProjectConfigurationPlatforms) = postSolution
		{2FE71743-9B20-49DC-A281-63914DFEFB2A}.Debug|Any CPU.ActiveCfg = Debug|Any CPU
		{2FE71743-9B20-49DC-A281-63914DFEFB2A}.Debug|Any CPU.Build.0 = Debug|Any CPU
		{2FE71743-9B20-49DC-A281-63914DFEFB2A}.Release|Any CPU.ActiveCfg = Release|Any CPU
		{2FE71743-9B20-49DC-A281-63914DFEFB2A}.Release|Any CPU.Build.0 = Release|Any CPU
	EndGlobalSection
	GlobalSection(SolutionProperties) = preSolution
		HideSolutionNode = FALSE
	EndGlobalSection
	GlobalSection(ExtensibilityGlobals) = postSolution
		SolutionGuid = {E82CB36D-4B88-4734-909F-766EDF7AA42C}
	EndGlobalSection
EndGlobal
